
Microsoft Visual Studio Solution File, Format Version 12.00
# Visual Studio Version 17
VisualStudioVersion = 17.1.32210.238
MinimumVisualStudioVersion = 10.0.40219.1
Project("{FAE04EC0-301F-11D3-BF4B-00C04F79EFBC}") = "Class_Intro", "Class_Intro\Class_Intro.csproj", "{C7C620AF-6CAA-4E4E-B795-F60C095FC40C}"
EndProject
Project("{FAE04EC0-301F-11D3-BF4B-00C04F79EFBC}") = "Encapsulation", "Encapsulation\Encapsulation.csproj", "{A5E8ED9B-E864-4024-B79F-25EE75A89B97}"
EndProject
Project("{FAE04EC0-301F-11D3-BF4B-00C04F79EFBC}") = "Inheritance", "Inheritance\Inheritance.csproj", "{4F82D76E-DA35-4C92-AC21-1112884CC272}"
EndProject
Project("{FAE04EC0-301F-11D3-BF4B-00C04F79EFBC}") = "Polymorphism", "Polymorphism\Polymorphism.csproj", "{CCF65404-0975-47CF-971E-8086D715D1C8}"
EndProject
Global
	GlobalSection(SolutionConfigurationPlatforms) = preSolution
		Debug|Any CPU = Debug|Any CPU
		Release|Any CPU = Release|Any CPU
	EndGlobalSection
	GlobalSection(ProjectConfigurationPlatforms) = postSolution
		{C7C620AF-6CAA-4E4E-B795-F60C095FC40C}.Debug|Any CPU.ActiveCfg = Debug|Any CPU
		{C7C620AF-6CAA-4E4E-B795-F60C095FC40C}.Debug|Any CPU.Build.0 = Debug|Any CPU
		{C7C620AF-6CAA-4E4E-B795-F60C095FC40C}.Release|Any CPU.ActiveCfg = Release|Any CPU
		{C7C620AF-6CAA-4E4E-B795-F60C095FC40C}.Release|Any CPU.Build.0 = Release|Any CPU
		{A5E8ED9B-E864-4024-B79F-25EE75A89B97}.Debug|Any CPU.ActiveCfg = Debug|Any CPU
		{A5E8ED9B-E864-4024-B79F-25EE75A89B97}.Debug|Any CPU.Build.0 = Debug|Any CPU
		{A5E8ED9B-E864-4024-B79F-25EE75A89B97}.Release|Any CPU.ActiveCfg = Release|Any CPU
		{A5E8ED9B-E864-4024-B79F-25EE75A89B97}.Release|Any CPU.Build.0 = Release|Any CPU
		{4F82D76E-DA35-4C92-AC21-1112884CC272}.Debug|Any CPU.ActiveCfg = Debug|Any CPU
		{4F82D76E-DA35-4C92-AC21-1112884CC272}.Debug|Any CPU.Build.0 = Debug|Any CPU
		{4F82D76E-DA35-4C92-AC21-1112884CC272}.Release|Any CPU.ActiveCfg = Release|Any CPU
		{4F82D76E-DA35-4C92-AC21-1112884CC272}.Release|Any CPU.Build.0 = Release|Any CPU
		{CCF65404-0975-47CF-971E-8086D715D1C8}.Debug|Any CPU.ActiveCfg = Debug|Any CPU
		{CCF65404-0975-47CF-971E-8086D715D1C8}.Debug|Any CPU.Build.0 = Debug|Any CPU
		{CCF65404-0975-47CF-971E-8086D715D1C8}.Release|Any CPU.ActiveCfg = Release|Any CPU
		{CCF65404-0975-47CF-971E-8086D715D1C8}.Release|Any CPU.Build.0 = Release|Any CPU
	EndGlobalSection
	GlobalSection(SolutionProperties) = preSolution
		HideSolutionNode = FALSE
	EndGlobalSection
	GlobalSection(ExtensibilityGlobals) = postSolution
		SolutionGuid = {FF507207-CAC9-4B56-8A76-CAC57E3A162B}
	EndGlobalSection
EndGlobal
